// !$*UTF8*$!
{
	archiveVersion = 1;
	classes = {
	};
	objectVersion = 50;
	objects = {

/* Begin PBXBuildFile section */
		4E6419C9255B8CEE003F4032 /* AppDelegate.swift in Sources */ = {isa = PBXBuildFile; fileRef = 4E6419C8255B8CEE003F4032 /* AppDelegate.swift */; };
		4E6419CB255B8CEE003F4032 /* SceneDelegate.swift in Sources */ = {isa = PBXBuildFile; fileRef = 4E6419CA255B8CEE003F4032 /* SceneDelegate.swift */; };
		4E6419CD255B8CEE003F4032 /* ViewController.swift in Sources */ = {isa = PBXBuildFile; fileRef = 4E6419CC255B8CEE003F4032 /* ViewController.swift */; };
		4E6419D0255B8CEE003F4032 /* Main.storyboard in Resources */ = {isa = PBXBuildFile; fileRef = 4E6419CE255B8CEE003F4032 /* Main.storyboard */; };
		4E6419D2255B8CF2003F4032 /* Assets.xcassets in Resources */ = {isa = PBXBuildFile; fileRef = 4E6419D1255B8CF2003F4032 /* Assets.xcassets */; };
		4E6419D5255B8CF2003F4032 /* LaunchScreen.storyboard in Resources */ = {isa = PBXBuildFile; fileRef = 4E6419D3255B8CF2003F4032 /* LaunchScreen.storyboard */; };
		4E6419E0255B8CF2003F4032 /* calcuTests.swift in Sources */ = {isa = PBXBuildFile; fileRef = 4E6419DF255B8CF2003F4032 /* calcuTests.swift */; };
		4E6419EB255B8CF2003F4032 /* calcuUITests.swift in Sources */ = {isa = PBXBuildFile; fileRef = 4E6419EA255B8CF2003F4032 /* calcuUITests.swift */; };
/* End PBXBuildFile section */

/* Begin PBXContainerItemProxy section */
		4E6419DC255B8CF2003F4032 /* PBXContainerItemProxy */ = {
			isa = PBXContainerItemProxy;
			containerPortal = 4E6419BD255B8CEE003F4032 /* Project object */;
			proxyType = 1;
			remoteGlobalIDString = 4E6419C4255B8CEE003F4032;
			remoteInfo = calcu;
		};
		4E6419E7255B8CF2003F4032 /* PBXContainerItemProxy */ = {
			isa = PBXContainerItemProxy;
			containerPortal = 4E6419BD255B8CEE003F4032 /* Project object */;
			proxyType = 1;
			remoteGlobalIDString = 4E6419C4255B8CEE003F4032;
			remoteInfo = calcu;
		};
/* End PBXContainerItemProxy section */

/* Begin PBXFileReference section */
		4E6419C5255B8CEE003F4032 /* calcu.app */ = {isa = PBXFileReference; explicitFileType = wrapper.application; includeInIndex = 0; path = calcu.app; sourceTree = BUILT_PRODUCTS_DIR; };
		4E6419C8255B8CEE003F4032 /* AppDelegate.swift */ = {isa = PBXFileReference; lastKnownFileType = sourcecode.swift; path = AppDelegate.swift; sourceTree = "<group>"; };
		4E6419CA255B8CEE003F4032 /* SceneDelegate.swift */ = {isa = PBXFileReference; lastKnownFileType = sourcecode.swift; path = SceneDelegate.swift; sourceTree = "<group>"; };
		4E6419CC255B8CEE003F4032 /* ViewController.swift */ = {isa = PBXFileReference; lastKnownFileType = sourcecode.swift; path = ViewController.swift; sourceTree = "<group>"; };
		4E6419CF255B8CEE003F4032 /* Base */ = {isa = PBXFileReference; lastKnownFileType = file.storyboard; name = Base; path = Base.lproj/Main.storyboard; sourceTree = "<group>"; };
		4E6419D1255B8CF2003F4032 /* Assets.xcassets */ = {isa = PBXFileReference; lastKnownFileType = folder.assetcatalog; path = Assets.xcassets; sourceTree = "<group>"; };
		4E6419D4255B8CF2003F4032 /* Base */ = {isa = PBXFileReference; lastKnownFileType = file.storyboard; name = Base; path = Base.lproj/LaunchScreen.storyboard; sourceTree = "<group>"; };
		4E6419D6255B8CF2003F4032 /* Info.plist */ = {isa = PBXFileReference; lastKnownFileType = text.plist.xml; path = Info.plist; sourceTree = "<group>"; };
		4E6419DB255B8CF2003F4032 /* calcuTests.xctest */ = {isa = PBXFileReference; explicitFileType = wrapper.cfbundle; includeInIndex = 0; path = calcuTests.xctest; sourceTree = BUILT_PRODUCTS_DIR; };
		4E6419DF255B8CF2003F4032 /* calcuTests.swift */ = {isa = PBXFileReference; lastKnownFileType = sourcecode.swift; path = calcuTests.swift; sourceTree = "<group>"; };
		4E6419E1255B8CF2003F4032 /* Info.plist */ = {isa = PBXFileReference; lastKnownFileType = text.plist.xml; path = Info.plist; sourceTree = "<group>"; };
		4E6419E6255B8CF2003F4032 /* calcuUITests.xctest */ = {isa = PBXFileReference; explicitFileType = wrapper.cfbundle; includeInIndex = 0; path = calcuUITests.xctest; sourceTree = BUILT_PRODUCTS_DIR; };
		4E6419EA255B8CF2003F4032 /* calcuUITests.swift */ = {isa = PBXFileReference; lastKnownFileType = sourcecode.swift; path = calcuUITests.swift; sourceTree = "<group>"; };
		4E6419EC255B8CF2003F4032 /* Info.plist */ = {isa = PBXFileReference; lastKnownFileType = text.plist.xml; path = Info.plist; sourceTree = "<group>"; };
/* End PBXFileReference section */

/* Begin PBXFrameworksBuildPhase section */
		4E6419C2255B8CEE003F4032 /* Frameworks */ = {
			isa = PBXFrameworksBuildPhase;
			buildActionMask = 2147483647;
			files = (
			);
			runOnlyForDeploymentPostprocessing = 0;
		};
		4E6419D8255B8CF2003F4032 /* Frameworks */ = {
			isa = PBXFrameworksBuildPhase;
			buildActionMask = 2147483647;
			files = (
			);
			runOnlyForDeploymentPostprocessing = 0;
		};
		4E6419E3255B8CF2003F4032 /* Frameworks */ = {
			isa = PBXFrameworksBuildPhase;
			buildActionMask = 2147483647;
			files = (
			);
			runOnlyForDeploymentPostprocessing = 0;
		};
/* End PBXFrameworksBuildPhase section */

/* Begin PBXGroup section */
		4E6419BC255B8CEE003F4032 = {
			isa = PBXGroup;
			children = (
				4E6419C7255B8CEE003F4032 /* calcu */,
				4E6419DE255B8CF2003F4032 /* calcuTests */,
				4E6419E9255B8CF2003F4032 /* calcuUITests */,
				4E6419C6255B8CEE003F4032 /* Products */,
			);
			sourceTree = "<group>";
		};
		4E6419C6255B8CEE003F4032 /* Products */ = {
			isa = PBXGroup;
			children = (
				4E6419C5255B8CEE003F4032 /* calcu.app */,
				4E6419DB255B8CF2003F4032 /* calcuTests.xctest */,
				4E6419E6255B8CF2003F4032 /* calcuUITests.xctest */,
			);
			name = Products;
			sourceTree = "<group>";
		};
		4E6419C7255B8CEE003F4032 /* calcu */ = {
			isa = PBXGroup;
			children = (
				4E6419C8255B8CEE003F4032 /* AppDelegate.swift */,
				4E6419CA255B8CEE003F4032 /* SceneDelegate.swift */,
				4E6419CC255B8CEE003F4032 /* ViewController.swift */,
				4E6419CE255B8CEE003F4032 /* Main.storyboard */,
				4E6419D1255B8CF2003F4032 /* Assets.xcassets */,
				4E6419D3255B8CF2003F4032 /* LaunchScreen.storyboard */,
				4E6419D6255B8CF2003F4032 /* Info.plist */,
			);
			path = calcu;
			sourceTree = "<group>";
		};
		4E6419DE255B8CF2003F4032 /* calcuTests */ = {
			isa = PBXGroup;
			children = (
				4E6419DF255B8CF2003F4032 /* calcuTests.swift */,
				4E6419E1255B8CF2003F4032 /* Info.plist */,
			);
			path = calcuTests;
			sourceTree = "<group>";
		};
		4E6419E9255B8CF2003F4032 /* calcuUITests */ = {
			isa = PBXGroup;
			children = (
				4E6419EA255B8CF2003F4032 /* calcuUITests.swift */,
				4E6419EC255B8CF2003F4032 /* Info.plist */,
			);
			path = calcuUITests;
			sourceTree = "<group>";
		};
/* End PBXGroup section */

/* Begin PBXNativeTarget section */
		4E6419C4255B8CEE003F4032 /* calcu */ = {
			isa = PBXNativeTarget;
			buildConfigurationList = 4E6419EF255B8CF2003F4032 /* Build configuration list for PBXNativeTarget "calcu" */;
			buildPhases = (
				4E6419C1255B8CEE003F4032 /* Sources */,
				4E6419C2255B8CEE003F4032 /* Frameworks */,
				4E6419C3255B8CEE003F4032 /* Resources */,
			);
			buildRules = (
			);
			dependencies = (
			);
			name = calcu;
			productName = calcu;
			productReference = 4E6419C5255B8CEE003F4032 /* calcu.app */;
			productType = "com.apple.product-type.application";
		};
		4E6419DA255B8CF2003F4032 /* calcuTests */ = {
			isa = PBXNativeTarget;
			buildConfigurationList = 4E6419F2255B8CF2003F4032 /* Build configuration list for PBXNativeTarget "calcuTests" */;
			buildPhases = (
				4E6419D7255B8CF2003F4032 /* Sources */,
				4E6419D8255B8CF2003F4032 /* Frameworks */,
				4E6419D9255B8CF2003F4032 /* Resources */,
			);
			buildRules = (
			);
			dependencies = (
				4E6419DD255B8CF2003F4032 /* PBXTargetDependency */,
			);
			name = calcuTests;
			productName = calcuTests;
			productReference = 4E6419DB255B8CF2003F4032 /* calcuTests.xctest */;
			productType = "com.apple.product-type.bundle.unit-test";
		};
		4E6419E5255B8CF2003F4032 /* calcuUITests */ = {
			isa = PBXNativeTarget;
			buildConfigurationList = 4E6419F5255B8CF2003F4032 /* Build configuration list for PBXNativeTarget "calcuUITests" */;
			buildPhases = (
				4E6419E2255B8CF2003F4032 /* Sources */,
				4E6419E3255B8CF2003F4032 /* Frameworks */,
				4E6419E4255B8CF2003F4032 /* Resources */,
			);
			buildRules = (
			);
			dependencies = (
				4E6419E8255B8CF2003F4032 /* PBXTargetDependency */,
			);
			name = calcuUITests;
			productName = calcuUITests;
			productReference = 4E6419E6255B8CF2003F4032 /* calcuUITests.xctest */;
			productType = "com.apple.product-type.bundle.ui-testing";
		};
/* End PBXNativeTarget section */

/* Begin PBXProject section */
		4E6419BD255B8CEE003F4032 /* Project object */ = {
			isa = PBXProject;
			attributes = {
				LastSwiftUpdateCheck = 1220;
				LastUpgradeCheck = 1220;
				TargetAttributes = {
					4E6419C4255B8CEE003F4032 = {
						CreatedOnToolsVersion = 12.2;
					};
					4E6419DA255B8CF2003F4032 = {
						CreatedOnToolsVersion = 12.2;
						TestTargetID = 4E6419C4255B8CEE003F4032;
					};
					4E6419E5255B8CF2003F4032 = {
						CreatedOnToolsVersion = 12.2;
						TestTargetID = 4E6419C4255B8CEE003F4032;
					};
				};
			};
			buildConfigurationList = 4E6419C0255B8CEE003F4032 /* Build configuration list for PBXProject "calcu" */;
			compatibilityVersion = "Xcode 9.3";
			developmentRegion = en;
			hasScannedForEncodings = 0;
			knownRegions = (
				en,
				Base,
			);
			mainGroup = 4E6419BC255B8CEE003F4032;
			productRefGroup = 4E6419C6255B8CEE003F4032 /* Products */;
			projectDirPath = "";
			projectRoot = "";
			targets = (
				4E6419C4255B8CEE003F4032 /* calcu */,
				4E6419DA255B8CF2003F4032 /* calcuTests */,
				4E6419E5255B8CF2003F4032 /* calcuUITests */,
			);
		};
/* End PBXProject section */

/* Begin PBXResourcesBuildPhase section */
		4E6419C3255B8CEE003F4032 /* Resources */ = {
			isa = PBXResourcesBuildPhase;
			buildActionMask = 2147483647;
			files = (
				4E6419D5255B8CF2003F4032 /* LaunchScreen.storyboard in Resources */,
				4E6419D2255B8CF2003F4032 /* Assets.xcassets in Resources */,
				4E6419D0255B8CEE003F4032 /* Main.storyboard in Resources */,
			);
			runOnlyForDeploymentPostprocessing = 0;
		};
		4E6419D9255B8CF2003F4032 /* Resources */ = {
			isa = PBXResourcesBuildPhase;
			buildActionMask = 2147483647;
			files = (
			);
			runOnlyForDeploymentPostprocessing = 0;
		};
		4E6419E4255B8CF2003F4032 /* Resources */ = {
			isa = PBXResourcesBuildPhase;
			buildActionMask = 2147483647;
			files = (
			);
			runOnlyForDeploymentPostprocessing = 0;
		};
/* End PBXResourcesBuildPhase section */

/* Begin PBXSourcesBuildPhase section */
		4E6419C1255B8CEE003F4032 /* Sources */ = {
			isa = PBXSourcesBuildPhase;
			buildActionMask = 2147483647;
			files = (
				4E6419CD255B8CEE003F4032 /* ViewController.swift in Sources */,
				4E6419C9255B8CEE003F4032 /* AppDelegate.swift in Sources */,
				4E6419CB255B8CEE003F4032 /* SceneDelegate.swift in Sources */,
			);
			runOnlyForDeploymentPostprocessing = 0;
		};
		4E6419D7255B8CF2003F4032 /* Sources */ = {
			isa = PBXSourcesBuildPhase;
			buildActionMask = 2147483647;
			files = (
				4E6419E0255B8CF2003F4032 /* calcuTests.swift in Sources */,
			);
			runOnlyForDeploymentPostprocessing = 0;
		};
		4E6419E2255B8CF2003F4032 /* Sources */ = {
			isa = PBXSourcesBuildPhase;
			buildActionMask = 2147483647;
			files = (
				4E6419EB255B8CF2003F4032 /* calcuUITests.swift in Sources */,
			);
			runOnlyForDeploymentPostprocessing = 0;
		};
/* End PBXSourcesBuildPhase section */

/* Begin PBXTargetDependency section */
		4E6419DD255B8CF2003F4032 /* PBXTargetDependency */ = {
			isa = PBXTargetDependency;
			target = 4E6419C4255B8CEE003F4032 /* calcu */;
			targetProxy = 4E6419DC255B8CF2003F4032 /* PBXContainerItemProxy */;
		};
		4E6419E8255B8CF2003F4032 /* PBXTargetDependency */ = {
			isa = PBXTargetDependency;
			target = 4E6419C4255B8CEE003F4032 /* calcu */;
			targetProxy = 4E6419E7255B8CF2003F4032 /* PBXContainerItemProxy */;
		};
/* End PBXTargetDependency section */

/* Begin PBXVariantGroup section */
		4E6419CE255B8CEE003F4032 /* Main.storyboard */ = {
			isa = PBXVariantGroup;
			children = (
				4E6419CF255B8CEE003F4032 /* Base */,
			);
			name = Main.storyboard;
			sourceTree = "<group>";
		};
		4E6419D3255B8CF2003F4032 /* LaunchScreen.storyboard */ = {
			isa = PBXVariantGroup;
			children = (
				4E6419D4255B8CF2003F4032 /* Base */,
			);
			name = LaunchScreen.storyboard;
			sourceTree = "<group>";
		};
/* End PBXVariantGroup section */

/* Begin XCBuildConfiguration section */
		4E6419ED255B8CF2003F4032 /* Debug */ = {
			isa = XCBuildConfiguration;
			buildSettings = {
				ALWAYS_SEARCH_USER_PATHS = NO;
				CLANG_ANALYZER_NONNULL = YES;
				CLANG_ANALYZER_NUMBER_OBJECT_CONVERSION = YES_AGGRESSIVE;
				CLANG_CXX_LANGUAGE_STANDARD = "gnu++14";
				CLANG_CXX_LIBRARY = "libc++";
				CLANG_ENABLE_MODULES = YES;
				CLANG_ENABLE_OBJC_ARC = YES;
				CLANG_ENABLE_OBJC_WEAK = YES;
				CLANG_WARN_BLOCK_CAPTURE_AUTORELEASING = YES;
				CLANG_WARN_BOOL_CONVERSION = YES;
				CLANG_WARN_COMMA = YES;
				CLANG_WARN_CONSTANT_CONVERSION = YES;
				CLANG_WARN_DEPRECATED_OBJC_IMPLEMENTATIONS = YES;
				CLANG_WARN_DIRECT_OBJC_ISA_USAGE = YES_ERROR;
				CLANG_WARN_DOCUMENTATION_COMMENTS = YES;
				CLANG_WARN_EMPTY_BODY = YES;
				CLANG_WARN_ENUM_CONVERSION = YES;
				CLANG_WARN_INFINITE_RECURSION = YES;
				CLANG_WARN_INT_CONVERSION = YES;
				CLANG_WARN_NON_LITERAL_NULL_CONVERSION = YES;
				CLANG_WARN_OBJC_IMPLICIT_RETAIN_SELF = YES;
				CLANG_WARN_OBJC_LITERAL_CONVERSION = YES;
				CLANG_WARN_OBJC_ROOT_CLASS = YES_ERROR;
				CLANG_WARN_QUOTED_INCLUDE_IN_FRAMEWORK_HEADER = YES;
				CLANG_WARN_RANGE_LOOP_ANALYSIS = YES;
				CLANG_WARN_STRICT_PROTOTYPES = YES;
				CLANG_WARN_SUSPICIOUS_MOVE = YES;
				CLANG_WARN_UNGUARDED_AVAILABILITY = YES_AGGRESSIVE;
				CLANG_WARN_UNREACHABLE_CODE = YES;
				CLANG_WARN__DUPLICATE_METHOD_MATCH = YES;
				COPY_PHASE_STRIP = NO;
				DEBUG_INFORMATION_FORMAT = dwarf;
				ENABLE_STRICT_OBJC_MSGSEND = YES;
				ENABLE_TESTABILITY = YES;
				GCC_C_LANGUAGE_STANDARD = gnu11;
				GCC_DYNAMIC_NO_PIC = NO;
				GCC_NO_COMMON_BLOCKS = YES;
				GCC_OPTIMIZATION_LEVEL = 0;
				GCC_PREPROCESSOR_DEFINITIONS = (
					"DEBUG=1",
					"$(inherited)",
				);
				GCC_WARN_64_TO_32_BIT_CONVERSION = YES;
				GCC_WARN_ABOUT_RETURN_TYPE = YES_ERROR;
				GCC_WARN_UNDECLARED_SELECTOR = YES;
				GCC_WARN_UNINITIALIZED_AUTOS = YES_AGGRESSIVE;
				GCC_WARN_UNUSED_FUNCTION = YES;
				GCC_WARN_UNUSED_VARIABLE = YES;
				IPHONEOS_DEPLOYMENT_TARGET = 14.2;
				MTL_ENABLE_DEBUG_INFO = INCLUDE_SOURCE;
				MTL_FAST_MATH = YES;
				ONLY_ACTIVE_ARCH = YES;
				SDKROOT = iphoneos;
				SWIFT_ACTIVE_COMPILATION_CONDITIONS = DEBUG;
				SWIFT_OPTIMIZATION_LEVEL = "-Onone";
			};
			name = Debug;
		};
		4E6419EE255B8CF2003F4032 /* Release */ = {
			isa = XCBuildConfiguration;
			buildSettings = {
				ALWAYS_SEARCH_USER_PATHS = NO;
				CLANG_ANALYZER_NONNULL = YES;
				CLANG_ANALYZER_NUMBER_OBJECT_CONVERSION = YES_AGGRESSIVE;
				CLANG_CXX_LANGUAGE_STANDARD = "gnu++14";
				CLANG_CXX_LIBRARY = "libc++";
				CLANG_ENABLE_MODULES = YES;
				CLANG_ENABLE_OBJC_ARC = YES;
				CLANG_ENABLE_OBJC_WEAK = YES;
				CLANG_WARN_BLOCK_CAPTURE_AUTORELEASING = YES;
				CLANG_WARN_BOOL_CONVERSION = YES;
				CLANG_WARN_COMMA = YES;
				CLANG_WARN_CONSTANT_CONVERSION = YES;
				CLANG_WARN_DEPRECATED_OBJC_IMPLEMENTATIONS = YES;
				CLANG_WARN_DIRECT_OBJC_ISA_USAGE = YES_ERROR;
				CLANG_WARN_DOCUMENTATION_COMMENTS = YES;
				CLANG_WARN_EMPTY_BODY = YES;
				CLANG_WARN_ENUM_CONVERSION = YES;
				CLANG_WARN_INFINITE_RECURSION = YES;
				CLANG_WARN_INT_CONVERSION = YES;
				CLANG_WARN_NON_LITERAL_NULL_CONVERSION = YES;
				CLANG_WARN_OBJC_IMPLICIT_RETAIN_SELF = YES;
				CLANG_WARN_OBJC_LITERAL_CONVERSION = YES;
				CLANG_WARN_OBJC_ROOT_CLASS = YES_ERROR;
				CLANG_WARN_QUOTED_INCLUDE_IN_FRAMEWORK_HEADER = YES;
				CLANG_WARN_RANGE_LOOP_ANALYSIS = YES;
				CLANG_WARN_STRICT_PROTOTYPES = YES;
				CLANG_WARN_SUSPICIOUS_MOVE = YES;
				CLANG_WARN_UNGUARDED_AVAILABILITY = YES_AGGRESSIVE;
				CLANG_WARN_UNREACHABLE_CODE = YES;
				CLANG_WARN__DUPLICATE_METHOD_MATCH = YES;
				COPY_PHASE_STRIP = NO;
				DEBUG_INFORMATION_FORMAT = "dwarf-with-dsym";
				ENABLE_NS_ASSERTIONS = NO;
				ENABLE_STRICT_OBJC_MSGSEND = YES;
				GCC_C_LANGUAGE_STANDARD = gnu11;
				GCC_NO_COMMON_BLOCKS = YES;
				GCC_WARN_64_TO_32_BIT_CONVERSION = YES;
				GCC_WARN_ABOUT_RETURN_TYPE = YES_ERROR;
				GCC_WARN_UNDECLARED_SELECTOR = YES;
				GCC_WARN_UNINITIALIZED_AUTOS = YES_AGGRESSIVE;
				GCC_WARN_UNUSED_FUNCTION = YES;
				GCC_WARN_UNUSED_VARIABLE = YES;
				IPHONEOS_DEPLOYMENT_TARGET = 14.2;
				MTL_ENABLE_DEBUG_INFO = NO;
				MTL_FAST_MATH = YES;
				SDKROOT = iphoneos;
				SWIFT_COMPILATION_MODE = wholemodule;
				SWIFT_OPTIMIZATION_LEVEL = "-O";
				VALIDATE_PRODUCT = YES;
			};
			name = Release;
		};
		4E6419F0255B8CF2003F4032 /* Debug */ = {
			isa = XCBuildConfiguration;
			buildSettings = {
				ASSETCATALOG_COMPILER_APPICON_NAME = AppIcon;
				ASSETCATALOG_COMPILER_GLOBAL_ACCENT_COLOR_NAME = AccentColor;
				CODE_SIGN_STYLE = Automatic;
				INFOPLIST_FILE = calcu/Info.plist;
				LD_RUNPATH_SEARCH_PATHS = (
					"$(inherited)",
					"@executable_path/Frameworks",
				);
				PRODUCT_BUNDLE_IDENTIFIER = riza.calcu;
				PRODUCT_NAME = "$(TARGET_NAME)";
				SWIFT_VERSION = 5.0;
				TARGETED_DEVICE_FAMILY = "1,2";
			};
			name = Debug;
		};
		4E6419F1255B8CF2003F4032 /* Release */ = {
			isa = XCBuildConfiguration;
			buildSettings = {
				ASSETCATALOG_COMPILER_APPICON_NAME = AppIcon;
				ASSETCATALOG_COMPILER_GLOBAL_ACCENT_COLOR_NAME = AccentColor;
				CODE_SIGN_STYLE = Automatic;
				INFOPLIST_FILE = calcu/Info.plist;
				LD_RUNPATH_SEARCH_PATHS = (
					"$(inherited)",
					"@executable_path/Frameworks",
				);
				PRODUCT_BUNDLE_IDENTIFIER = riza.calcu;
				PRODUCT_NAME = "$(TARGET_NAME)";
				SWIFT_VERSION = 5.0;
				TARGETED_DEVICE_FAMILY = "1,2";
			};
			name = Release;
		};
		4E6419F3255B8CF2003F4032 /* Debug */ = {
			isa = XCBuildConfiguration;
			buildSettings = {
				ALWAYS_EMBED_SWIFT_STANDARD_LIBRARIES = YES;
				BUNDLE_LOADER = "$(TEST_HOST)";
				CODE_SIGN_STYLE = Automatic;
				INFOPLIST_FILE = calcuTests/Info.plist;
				IPHONEOS_DEPLOYMENT_TARGET = 14.2;
				LD_RUNPATH_SEARCH_PATHS = (
					"$(inherited)",
					"@executable_path/Frameworks",
					"@loader_path/Frameworks",
				);
				PRODUCT_BUNDLE_IDENTIFIER = riza.calcuTests;
				PRODUCT_NAME = "$(TARGET_NAME)";
				SWIFT_VERSION = 5.0;
				TARGETED_DEVICE_FAMILY = "1,2";
				TEST_HOST = "$(BUILT_PRODUCTS_DIR)/calcu.app/calcu";
			};
			name = Debug;
		};
		4E6419F4255B8CF2003F4032 /* Release */ = {
			isa = XCBuildConfiguration;
			buildSettings = {
				ALWAYS_EMBED_SWIFT_STANDARD_LIBRARIES = YES;
				BUNDLE_LOADER = "$(TEST_HOST)";
				CODE_SIGN_STYLE = Automatic;
				INFOPLIST_FILE = calcuTests/Info.plist;
				IPHONEOS_DEPLOYMENT_TARGET = 14.2;
				LD_RUNPATH_SEARCH_PATHS = (
					"$(inherited)",
					"@executable_path/Frameworks",
					"@loader_path/Frameworks",
				);
				PRODUCT_BUNDLE_IDENTIFIER = riza.calcuTests;
				PRODUCT_NAME = "$(TARGET_NAME)";
				SWIFT_VERSION = 5.0;
				TARGETED_DEVICE_FAMILY = "1,2";
				TEST_HOST = "$(BUILT_PRODUCTS_DIR)/calcu.app/calcu";
			};
			name = Release;
		};
		4E6419F6255B8CF2003F4032 /* Debug */ = {
			isa = XCBuildConfiguration;
			buildSettings = {
				ALWAYS_EMBED_SWIFT_STANDARD_LIBRARIES = YES;
				CODE_SIGN_STYLE = Automatic;
				INFOPLIST_FILE = calcuUITests/Info.plist;
				LD_RUNPATH_SEARCH_PATHS = (
					"$(inherited)",
					"@executable_path/Frameworks",
					"@loader_path/Frameworks",
				);
				PRODUCT_BUNDLE_IDENTIFIER = riza.calcuUITests;
				PRODUCT_NAME = "$(TARGET_NAME)";
				SWIFT_VERSION = 5.0;
				TARGETED_DEVICE_FAMILY = "1,2";
				TEST_TARGET_NAME = calcu;
			};
			name = Debug;
		};
		4E6419F7255B8CF2003F4032 /* Release */ = {
			isa = XCBuildConfiguration;
			buildSettings = {
				ALWAYS_EMBED_SWIFT_STANDARD_LIBRARIES = YES;
				CODE_SIGN_STYLE = Automatic;
				INFOPLIST_FILE = calcuUITests/Info.plist;
				LD_RUNPATH_SEARCH_PATHS = (
					"$(inherited)",
					"@executable_path/Frameworks",
					"@loader_path/Frameworks",
				);
				PRODUCT_BUNDLE_IDENTIFIER = riza.calcuUITests;
				PRODUCT_NAME = "$(TARGET_NAME)";
				SWIFT_VERSION = 5.0;
				TARGETED_DEVICE_FAMILY = "1,2";
				TEST_TARGET_NAME = calcu;
			};
			name = Release;
		};
/* End XCBuildConfiguration section */

/* Begin XCConfigurationList section */
		4E6419C0255B8CEE003F4032 /* Build configuration list for PBXProject "calcu" */ = {
			isa = XCConfigurationList;
			buildConfigurations = (
				4E6419ED255B8CF2003F4032 /* Debug */,
				4E6419EE255B8CF2003F4032 /* Release */,
			);
			defaultConfigurationIsVisible = 0;
			defaultConfigurationName = Release;
		};
		4E6419EF255B8CF2003F4032 /* Build configuration list for PBXNativeTarget "calcu" */ = {
			isa = XCConfigurationList;
			buildConfigurations = (
				4E6419F0255B8CF2003F4032 /* Debug */,
				4E6419F1255B8CF2003F4032 /* Release */,
			);
			defaultConfigurationIsVisible = 0;
			defaultConfigurationName = Release;
		};
		4E6419F2255B8CF2003F4032 /* Build configuration list for PBXNativeTarget "calcuTests" */ = {
			isa = XCConfigurationList;
			buildConfigurations = (
				4E6419F3255B8CF2003F4032 /* Debug */,
				4E6419F4255B8CF2003F4032 /* Release */,
			);
			defaultConfigurationIsVisible = 0;
			defaultConfigurationName = Release;
		};
		4E6419F5255B8CF2003F4032 /* Build configuration list for PBXNativeTarget "calcuUITests" */ = {
			isa = XCConfigurationList;
			buildConfigurations = (
				4E6419F6255B8CF2003F4032 /* Debug */,
				4E6419F7255B8CF2003F4032 /* Release */,
			);
			defaultConfigurationIsVisible = 0;
			defaultConfigurationName = Release;
		};
/* End XCConfigurationList section */
	};
	rootObject = 4E6419BD255B8CEE003F4032 /* Project object */;
}
